
Microsoft Visual Studio Solution File, Format Version 12.00
# Visual Studio Version 16
VisualStudioVersion = 16.0.31702.278
MinimumVisualStudioVersion = 10.0.40219.1
Project("{FAE04EC0-301F-11D3-BF4B-00C04F79EFBC}") = "DequeProject", "DequeProject\DequeProject.csproj", "{92A424BD-119C-4A5C-95DB-3ED3A8B913F5}"
EndProject
Global
	GlobalSection(SolutionConfigurationPlatforms) = preSolution
		Debug|Any CPU = Debug|Any CPU
		Release|Any CPU = Release|Any CPU
	EndGlobalSection
	GlobalSection(ProjectConfigurationPlatforms) = postSolution
		{92A424BD-119C-4A5C-95DB-3ED3A8B913F5}.Debug|Any CPU.ActiveCfg = Debug|Any CPU
		{92A424BD-119C-4A5C-95DB-3ED3A8B913F5}.Debug|Any CPU.Build.0 = Debug|Any CPU
		{92A424BD-119C-4A5C-95DB-3ED3A8B913F5}.Release|Any CPU.ActiveCfg = Release|Any CPU
		{92A424BD-119C-4A5C-95DB-3ED3A8B913F5}.Release|Any CPU.Build.0 = Release|Any CPU
	EndGlobalSection
	GlobalSection(SolutionProperties) = preSolution
		HideSolutionNode = FALSE
	EndGlobalSection
	GlobalSection(ExtensibilityGlobals) = postSolution
		SolutionGuid = {1662F64B-F8EA-450D-8D0A-20A2DD05B3DE}
	EndGlobalSection
EndGlobal
